{
    "_readme": [
        "This file locks the dependencies of your project to a known state",
        "Read more about it at https://getcomposer.org/doc/01-basic-usage.md#composer-lock-the-lock-file",
        "This file is @generated automatically"
    ],
    "content-hash": "9dcfc419b0e0202ac0b3f9de01997c19",
    "packages": [],
    "packages-dev": [],
    "aliases": [],
    "minimum-stability": "stable",
    "stability-flags": [],
    "prefer-stable": false,
    "prefer-lowest": false,
    "platform": {
        "ext-bcmath": "*",
        "ext-gmp": "*",
        "ext-mbstring": "*",
        "ext-imagick": "*",
        "ext-memcached": "*",
        "ext-gd": "*",
        "ext-intl": "*",
        "ext-sqlite3": "*",
        "ext-pdo_sqlite": "*",
        "ext-mcrypt": "*",
        "ext-gettext": "*",
        "ext-mongodb": "^1.1.0"
    },
    "platform-dev": []
}
