{
    "_readme": [
        "This file locks the dependencies of your project to a known state",
        "Read more about it at https://getcomposer.org/doc/01-basic-usage.md#composer-lock-the-lock-file",
        "This file is @generated automatically"
    ],
    "content-hash": "a998ff9522d872a52967fe9df47073f5",
    "packages": [],
    "packages-dev": [],
    "aliases": [],
    "minimum-stability": "stable",
    "stability-flags": [],
    "prefer-stable": false,
    "prefer-lowest": false,
    "platform": {
        "ext-bcmath": "*",
        "ext-gmp": "*",
        "ext-mbstring": "*",
        "ext-dbm": "*",
        "ext-mcrypt": "*",
        "ext-memcached": "*",
        "ext-mongodb": "^1.1.0"
    },
    "platform-dev": []
}
